<?xml version="1.0" encoding="utf-8"?>
<Project ToolsVersion="4.0" xmlns="http://schemas.microsoft.com/developer/msbuild/2003">
  <ItemGroup>
    <Filter Include="main">
      <UniqueIdentifier>{4FC737F1-C7A5-4376-A066-2A32D752A2FF}</UniqueIdentifier>
      <Extensions>cpp;c;cc;cxx;def;odl;idl;hpj;bat;asm;asmx</Extensions>
    </Filter>
    <Filter Include="idl">
      <UniqueIdentifier>{5f34e822-18e7-45f4-9dde-3b752c00ce0f}</UniqueIdentifier>
    </Filter>
    <Filter Include="util">
      <UniqueIdentifier>{a855e6a1-0fb8-4373-8c12-8868b59ce612}</UniqueIdentifier>
    </Filter>
  </ItemGroup>
  <ItemGroup>
    <ClInclude Include="stdafx.h">
      <Filter>main</Filter>
    </ClInclude>
    <ClInclude Include="targetver.h">
      <Filter>main</Filter>
    </ClInclude>
    <ClInclude Include="idl\idl_parser.hpp">
      <Filter>idl</Filter>
    </ClInclude>
    <ClInclude Include="idl\idl_type_objects.hpp">
      <Filter>idl</Filter>
    </ClInclude>
    <ClInclude Include="idl\idl_unit.hpp">
      <Filter>idl</Filter>
    </ClInclude>
    <ClInclude Include="..\..\include\lax\util\json.hpp">
      <Filter>util</Filter>
    </ClInclude>
    <ClInclude Include="..\..\include\lax\util\logger.hpp">
      <Filter>util</Filter>
    </ClInclude>
    <ClInclude Include="idl\idl_result.hpp">
      <Filter>idl</Filter>
    </ClInclude>
    <ClInclude Include="idl\idl_generator.hpp">
      <Filter>idl</Filter>
    </ClInclude>
  </ItemGroup>
  <ItemGroup>
    <ClCompile Include="stdafx.cpp">
      <Filter>main</Filter>
    </ClCompile>
    <ClCompile Include="bitsc.cpp">
      <Filter>main</Filter>
    </ClCompile>
    <ClCompile Include="idl\idl_parser.cpp">
      <Filter>idl</Filter>
    </ClCompile>
    <ClCompile Include="..\..\src\util\logger.cpp">
      <Filter>util</Filter>
    </ClCompile>
    <ClCompile Include="..\..\src\util\platform.cpp">
      <Filter>util</Filter>
    </ClCompile>
    <ClCompile Include="idl\idl_type_objects.cpp">
      <Filter>idl</Filter>
    </ClCompile>
  </ItemGroup>
  <ItemGroup>
    <None Include="idl_test_1.json">
      <Filter>main</Filter>
    </None>
  </ItemGroup>
</Project>