
Microsoft Visual Studio Solution File, Format Version 12.00
# Visual Studio 14
VisualStudioVersion = 14.0.25420.1
MinimumVisualStudioVersion = 10.0.40219.1
Project("{FAE04EC0-301F-11D3-BF4B-00C04F79EFBC}") = "funz.test", "funz.test.csproj", "{A6D0CFD5-B8F0-40DE-AA49-062BCFFF2B64}"
EndProject
Project("{FAE04EC0-301F-11D3-BF4B-00C04F79EFBC}") = "funz.net", "..\net\funz.net.csproj", "{5CEABD37-BA25-4130-A1EE-5AAA774D96D3}"
EndProject
Global
	GlobalSection(SolutionConfigurationPlatforms) = preSolution
		Debug|Any CPU = Debug|Any CPU
		Release|Any CPU = Release|Any CPU
	EndGlobalSection
	GlobalSection(ProjectConfigurationPlatforms) = postSolution
		{A6D0CFD5-B8F0-40DE-AA49-062BCFFF2B64}.Debug|Any CPU.ActiveCfg = Debug|Any CPU
		{A6D0CFD5-B8F0-40DE-AA49-062BCFFF2B64}.Debug|Any CPU.Build.0 = Debug|Any CPU
		{A6D0CFD5-B8F0-40DE-AA49-062BCFFF2B64}.Release|Any CPU.ActiveCfg = Release|Any CPU
		{A6D0CFD5-B8F0-40DE-AA49-062BCFFF2B64}.Release|Any CPU.Build.0 = Release|Any CPU
		{5CEABD37-BA25-4130-A1EE-5AAA774D96D3}.Debug|Any CPU.ActiveCfg = Debug|Any CPU
		{5CEABD37-BA25-4130-A1EE-5AAA774D96D3}.Debug|Any CPU.Build.0 = Debug|Any CPU
		{5CEABD37-BA25-4130-A1EE-5AAA774D96D3}.Release|Any CPU.ActiveCfg = Release|Any CPU
		{5CEABD37-BA25-4130-A1EE-5AAA774D96D3}.Release|Any CPU.Build.0 = Release|Any CPU
	EndGlobalSection
	GlobalSection(SolutionProperties) = preSolution
		HideSolutionNode = FALSE
	EndGlobalSection
EndGlobal
